Microsoft Visual Studio Solution File, Format Version 12.00
# Visual Studio Version 17
VisualStudioVersion = 17.5.2.0
MinimumVisualStudioVersion = 10.0.40219.1
Project("{2150E333-8FDC-42A3-9474-1A3956D46DE8}") = "backend", "backend", "{1AE8ACA6-933B-BF2A-3671-3E2EAC007D16}"
EndProject
Project("{FAE04EC0-301F-11D3-BF4B-00C04F79EFBC}") = "MyPersonalSpace", "backend\MyPersonalSpace.csproj", "{4BE5A177-F484-2E07-CAAA-3566F4B944DC}"
EndProject
Global
	GlobalSection(SolutionConfigurationPlatforms) = preSolution
		Debug|Any CPU = Debug|Any CPU
		Release|Any CPU = Release|Any CPU
	EndGlobalSection
	GlobalSection(ProjectConfigurationPlatforms) = postSolution
		{4BE5A177-F484-2E07-CAAA-3566F4B944DC}.Debug|Any CPU.ActiveCfg = Debug|Any CPU
		{4BE5A177-F484-2E07-CAAA-3566F4B944DC}.Debug|Any CPU.Build.0 = Debug|Any CPU
		{4BE5A177-F484-2E07-CAAA-3566F4B944DC}.Release|Any CPU.ActiveCfg = Release|Any CPU
		{4BE5A177-F484-2E07-CAAA-3566F4B944DC}.Release|Any CPU.Build.0 = Release|Any CPU
	EndGlobalSection
	GlobalSection(SolutionProperties) = preSolution
		HideSolutionNode = FALSE
	EndGlobalSection
	GlobalSection(NestedProjects) = preSolution
		{4BE5A177-F484-2E07-CAAA-3566F4B944DC} = {1AE8ACA6-933B-BF2A-3671-3E2EAC007D16}
	EndGlobalSection
	GlobalSection(ExtensibilityGlobals) = postSolution
		SolutionGuid = {AA46049E-3D24-4A62-9C13-60BB49A87823}
	EndGlobalSection
EndGlobal
